{
  "nodes": {
    "firefox-addons": {
      "inputs": {
        "nixpkgs": [
          "nixpkgs"
        ]
      },
      "locked": {
        "dir": "pkgs/firefox-addons",
        "lastModified": 1777348977,
        "narHash": "sha256-9aKuCI5TKHKnP073B1VzBdLRLAQJE7R9rbJWaSFXr3M=",
        "owner": "rycee",
        "repo": "nur-expressions",
        "rev": "a314975f42bfa9665bf77d1586ee0e123790ed27",
        "type": "gitlab"
      },
      "original": {
        "dir": "pkgs/firefox-addons",
        "owner": "rycee",
        "repo": "nur-expressions",
        "type": "gitlab"
      }
    },
    "home-manager": {
      "inputs": {
        "nixpkgs": [
          "nixpkgs"
        ]
      },
      "locked": {
        "lastModified": 1777411657,
        "narHash": "sha256-P7XjzOo8Cbuj5eBSO1LaQ1hOy3ir8rtUB64EFZ6kKiQ=",
        "owner": "nix-community",
        "repo": "home-manager",
        "rev": "af59809e9413ec8adb9597a8636491af356fe525",
        "type": "github"
      },
      "original": {
        "owner": "nix-community",
        "repo": "home-manager",
        "type": "github"
      }
    },
    "nixpkgs": {
      "locked": {
        "lastModified": 1777268161,
        "narHash": "sha256-bxrdOn8SCOv8tN4JbTF/TXq7kjo9ag4M+C8yzzIRYbE=",
        "owner": "NixOS",
        "repo": "nixpkgs",
        "rev": "1c3fe55ad329cbcb28471bb30f05c9827f724c76",
        "type": "github"
      },
      "original": {
        "owner": "NixOS",
        "ref": "nixos-unstable",
        "repo": "nixpkgs",
        "type": "github"
      }
    },
    "root": {
      "inputs": {
        "firefox-addons": "firefox-addons",
        "home-manager": "home-manager",
        "nixpkgs": "nixpkgs",
        "zen-browser": "zen-browser"
      }
    },
    "zen-browser": {
      "inputs": {
        "home-manager": [
          "home-manager"
        ],
        "nixpkgs": [
          "nixpkgs"
        ]
      },
      "locked": {
        "lastModified": 1777356688,
        "narHash": "sha256-fOhJpz7QAkBWAAih72CmnIfIN0pHfuZjhZQ/hBLNWxo=",
        "owner": "0xc000022070",
        "repo": "zen-browser-flake",
        "rev": "b3c972b3d8537a9cf7a0db96b164c9c3e580884a",
        "type": "github"
      },
      "original": {
        "owner": "0xc000022070",
        "repo": "zen-browser-flake",
        "type": "github"
      }
    }
  },
  "root": "root",
  "version": 7
}
